
Microsoft Visual Studio Solution File, Format Version 12.00
# Visual Studio 15
VisualStudioVersion = 15.0.27703.2026
MinimumVisualStudioVersion = 10.0.40219.1
Project("{FAE04EC0-301F-11D3-BF4B-00C04F79EFBC}") = "CheatSheet", "CheatSheet\CheatSheet.csproj", "{780A8F8E-F8D5-4F3A-B22B-AF2934243A23}"
EndProject
Global
	GlobalSection(SolutionConfigurationPlatforms) = preSolution
		Debug|Any CPU = Debug|Any CPU
		Release|Any CPU = Release|Any CPU
	EndGlobalSection
	GlobalSection(ProjectConfigurationPlatforms) = postSolution
		{780A8F8E-F8D5-4F3A-B22B-AF2934243A23}.Debug|Any CPU.ActiveCfg = Debug|Any CPU
		{780A8F8E-F8D5-4F3A-B22B-AF2934243A23}.Debug|Any CPU.Build.0 = Debug|Any CPU
		{780A8F8E-F8D5-4F3A-B22B-AF2934243A23}.Release|Any CPU.ActiveCfg = Release|Any CPU
		{780A8F8E-F8D5-4F3A-B22B-AF2934243A23}.Release|Any CPU.Build.0 = Release|Any CPU
	EndGlobalSection
	GlobalSection(SolutionProperties) = preSolution
		HideSolutionNode = FALSE
	EndGlobalSection
	GlobalSection(ExtensibilityGlobals) = postSolution
		SolutionGuid = {06F85AEC-CCBD-4E83-8679-8B6376F1914B}
	EndGlobalSection
EndGlobal
